
Microsoft Visual Studio Solution File, Format Version 12.00
# Visual Studio 14
VisualStudioVersion = 14.0.25123.0
MinimumVisualStudioVersion = 10.0.40219.1
Project("{FAE04EC0-301F-11D3-BF4B-00C04F79EFBC}") = "Solution345", "Solution345\Solution345.csproj", "{2CD3E95F-27E2-4011-9AD5-62B2A1ACD9B6}"
EndProject
Project("{FAE04EC0-301F-11D3-BF4B-00C04F79EFBC}") = "Solution347", "Solution347\Solution347.csproj", "{63AB8C8E-3E85-4971-B945-26105A5109F1}"
EndProject
Project("{FAE04EC0-301F-11D3-BF4B-00C04F79EFBC}") = "Solution344", "Solution344\Solution344.csproj", "{499428B0-9ECE-42E6-A3E6-AC3A958BBEA1}"
EndProject
Project("{FAE04EC0-301F-11D3-BF4B-00C04F79EFBC}") = "Solution342", "Solution342\Solution342.csproj", "{85405EF9-8E0B-4C72-9C9E-B513B6990417}"
EndProject
Project("{FAE04EC0-301F-11D3-BF4B-00C04F79EFBC}") = "Solution002", "Solution002\Solution002.csproj", "{2E7689FC-3D3B-430E-A374-57B757E5FE89}"
EndProject
Project("{FAE04EC0-301F-11D3-BF4B-00C04F79EFBC}") = "Solution006", "Solution006\Solution006.csproj", "{D54DA05A-256F-45A4-A7F4-FA6118DF3F2A}"
EndProject
Project("{FAE04EC0-301F-11D3-BF4B-00C04F79EFBC}") = "Solution326", "Solution326\Solution326.csproj", "{ADD4A4F4-A03D-488C-97DD-50E606863611}"
EndProject
Project("{FAE04EC0-301F-11D3-BF4B-00C04F79EFBC}") = "Solution165", "Solution165\Solution165.csproj", "{76BAB83B-2596-4E84-8028-DE583F2EFE8E}"
EndProject
Project("{FAE04EC0-301F-11D3-BF4B-00C04F79EFBC}") = "Solution283", "Solution283\Solution283.csproj", "{05D56AB3-FC50-4100-A1D9-EE77678635D1}"
EndProject
Project("{FAE04EC0-301F-11D3-BF4B-00C04F79EFBC}") = "Solution027", "Solution027\Solution027.csproj", "{B70DD55D-4681-4DC6-95FB-EA58AD105DC7}"
EndProject
Global
	GlobalSection(SolutionConfigurationPlatforms) = preSolution
		Debug|Any CPU = Debug|Any CPU
		Release|Any CPU = Release|Any CPU
	EndGlobalSection
	GlobalSection(ProjectConfigurationPlatforms) = postSolution
		{2CD3E95F-27E2-4011-9AD5-62B2A1ACD9B6}.Debug|Any CPU.ActiveCfg = Debug|Any CPU
		{2CD3E95F-27E2-4011-9AD5-62B2A1ACD9B6}.Debug|Any CPU.Build.0 = Debug|Any CPU
		{2CD3E95F-27E2-4011-9AD5-62B2A1ACD9B6}.Release|Any CPU.ActiveCfg = Release|Any CPU
		{2CD3E95F-27E2-4011-9AD5-62B2A1ACD9B6}.Release|Any CPU.Build.0 = Release|Any CPU
		{63AB8C8E-3E85-4971-B945-26105A5109F1}.Debug|Any CPU.ActiveCfg = Debug|Any CPU
		{63AB8C8E-3E85-4971-B945-26105A5109F1}.Debug|Any CPU.Build.0 = Debug|Any CPU
		{63AB8C8E-3E85-4971-B945-26105A5109F1}.Release|Any CPU.ActiveCfg = Release|Any CPU
		{63AB8C8E-3E85-4971-B945-26105A5109F1}.Release|Any CPU.Build.0 = Release|Any CPU
		{499428B0-9ECE-42E6-A3E6-AC3A958BBEA1}.Debug|Any CPU.ActiveCfg = Debug|Any CPU
		{499428B0-9ECE-42E6-A3E6-AC3A958BBEA1}.Debug|Any CPU.Build.0 = Debug|Any CPU
		{499428B0-9ECE-42E6-A3E6-AC3A958BBEA1}.Release|Any CPU.ActiveCfg = Release|Any CPU
		{499428B0-9ECE-42E6-A3E6-AC3A958BBEA1}.Release|Any CPU.Build.0 = Release|Any CPU
		{85405EF9-8E0B-4C72-9C9E-B513B6990417}.Debug|Any CPU.ActiveCfg = Debug|Any CPU
		{85405EF9-8E0B-4C72-9C9E-B513B6990417}.Debug|Any CPU.Build.0 = Debug|Any CPU
		{85405EF9-8E0B-4C72-9C9E-B513B6990417}.Release|Any CPU.ActiveCfg = Release|Any CPU
		{85405EF9-8E0B-4C72-9C9E-B513B6990417}.Release|Any CPU.Build.0 = Release|Any CPU
		{2E7689FC-3D3B-430E-A374-57B757E5FE89}.Debug|Any CPU.ActiveCfg = Debug|Any CPU
		{2E7689FC-3D3B-430E-A374-57B757E5FE89}.Debug|Any CPU.Build.0 = Debug|Any CPU
		{2E7689FC-3D3B-430E-A374-57B757E5FE89}.Release|Any CPU.ActiveCfg = Release|Any CPU
		{2E7689FC-3D3B-430E-A374-57B757E5FE89}.Release|Any CPU.Build.0 = Release|Any CPU
		{D54DA05A-256F-45A4-A7F4-FA6118DF3F2A}.Debug|Any CPU.ActiveCfg = Debug|Any CPU
		{D54DA05A-256F-45A4-A7F4-FA6118DF3F2A}.Debug|Any CPU.Build.0 = Debug|Any CPU
		{D54DA05A-256F-45A4-A7F4-FA6118DF3F2A}.Release|Any CPU.ActiveCfg = Release|Any CPU
		{D54DA05A-256F-45A4-A7F4-FA6118DF3F2A}.Release|Any CPU.Build.0 = Release|Any CPU
		{ADD4A4F4-A03D-488C-97DD-50E606863611}.Debug|Any CPU.ActiveCfg = Debug|Any CPU
		{ADD4A4F4-A03D-488C-97DD-50E606863611}.Debug|Any CPU.Build.0 = Debug|Any CPU
		{ADD4A4F4-A03D-488C-97DD-50E606863611}.Release|Any CPU.ActiveCfg = Release|Any CPU
		{ADD4A4F4-A03D-488C-97DD-50E606863611}.Release|Any CPU.Build.0 = Release|Any CPU
		{76BAB83B-2596-4E84-8028-DE583F2EFE8E}.Debug|Any CPU.ActiveCfg = Debug|Any CPU
		{76BAB83B-2596-4E84-8028-DE583F2EFE8E}.Debug|Any CPU.Build.0 = Debug|Any CPU
		{76BAB83B-2596-4E84-8028-DE583F2EFE8E}.Release|Any CPU.ActiveCfg = Release|Any CPU
		{76BAB83B-2596-4E84-8028-DE583F2EFE8E}.Release|Any CPU.Build.0 = Release|Any CPU
		{05D56AB3-FC50-4100-A1D9-EE77678635D1}.Debug|Any CPU.ActiveCfg = Debug|Any CPU
		{05D56AB3-FC50-4100-A1D9-EE77678635D1}.Debug|Any CPU.Build.0 = Debug|Any CPU
		{05D56AB3-FC50-4100-A1D9-EE77678635D1}.Release|Any CPU.ActiveCfg = Release|Any CPU
		{05D56AB3-FC50-4100-A1D9-EE77678635D1}.Release|Any CPU.Build.0 = Release|Any CPU
		{B70DD55D-4681-4DC6-95FB-EA58AD105DC7}.Debug|Any CPU.ActiveCfg = Debug|Any CPU
		{B70DD55D-4681-4DC6-95FB-EA58AD105DC7}.Debug|Any CPU.Build.0 = Debug|Any CPU
		{B70DD55D-4681-4DC6-95FB-EA58AD105DC7}.Release|Any CPU.ActiveCfg = Release|Any CPU
		{B70DD55D-4681-4DC6-95FB-EA58AD105DC7}.Release|Any CPU.Build.0 = Release|Any CPU
	EndGlobalSection
	GlobalSection(SolutionProperties) = preSolution
		HideSolutionNode = FALSE
	EndGlobalSection
EndGlobal
